// !$*UTF8*$!
{
	archiveVersion = 1;
	classes = {
	};
	objectVersion = 50;
	objects = {

/* Begin PBXBuildFile section */
		3A8B78F625DD22BA0084F38D /* SpringyCollectionViewFlowLayout.swift in Sources */ = {isa = PBXBuildFile; fileRef = 3A8B78F525DD22BA0084F38D /* SpringyCollectionViewFlowLayout.swift */; };
		9744F41225DBD70D005DD569 /* Vegetable.swift in Sources */ = {isa = PBXBuildFile; fileRef = 9744F41125DBD70D005DD569 /* Vegetable.swift */; };
		9744F41525DBD9F9005DD569 /* SelfConfiguringCell.swift in Sources */ = {isa = PBXBuildFile; fileRef = 9744F41425DBD9F9005DD569 /* SelfConfiguringCell.swift */; };
		9744F41825DBDAAC005DD569 /* VegetableCell.swift in Sources */ = {isa = PBXBuildFile; fileRef = 9744F41725DBDAAC005DD569 /* VegetableCell.swift */; };
		977B136325DBD3250024136C /* AppDelegate.swift in Sources */ = {isa = PBXBuildFile; fileRef = 977B136225DBD3250024136C /* AppDelegate.swift */; };
		977B136525DBD3250024136C /* SceneDelegate.swift in Sources */ = {isa = PBXBuildFile; fileRef = 977B136425DBD3250024136C /* SceneDelegate.swift */; };
		977B136725DBD3250024136C /* HomeViewController.swift in Sources */ = {isa = PBXBuildFile; fileRef = 977B136625DBD3250024136C /* HomeViewController.swift */; };
		977B136A25DBD3250024136C /* Main.storyboard in Resources */ = {isa = PBXBuildFile; fileRef = 977B136825DBD3250024136C /* Main.storyboard */; };
		977B136C25DBD3280024136C /* Assets.xcassets in Resources */ = {isa = PBXBuildFile; fileRef = 977B136B25DBD3280024136C /* Assets.xcassets */; };
		977B136F25DBD3280024136C /* LaunchScreen.storyboard in Resources */ = {isa = PBXBuildFile; fileRef = 977B136D25DBD3280024136C /* LaunchScreen.storyboard */; };
		977B137825DBD5610024136C /* Section.swift in Sources */ = {isa = PBXBuildFile; fileRef = 977B137725DBD5610024136C /* Section.swift */; };
/* End PBXBuildFile section */

/* Begin PBXFileReference section */
		3A8B78F525DD22BA0084F38D /* SpringyCollectionViewFlowLayout.swift */ = {isa = PBXFileReference; fileEncoding = 4; lastKnownFileType = sourcecode.swift; path = SpringyCollectionViewFlowLayout.swift; sourceTree = "<group>"; };
		9744F41125DBD70D005DD569 /* Vegetable.swift */ = {isa = PBXFileReference; lastKnownFileType = sourcecode.swift; path = Vegetable.swift; sourceTree = "<group>"; };
		9744F41425DBD9F9005DD569 /* SelfConfiguringCell.swift */ = {isa = PBXFileReference; lastKnownFileType = sourcecode.swift; path = SelfConfiguringCell.swift; sourceTree = "<group>"; };
		9744F41725DBDAAC005DD569 /* VegetableCell.swift */ = {isa = PBXFileReference; lastKnownFileType = sourcecode.swift; path = VegetableCell.swift; sourceTree = "<group>"; };
		977B135F25DBD3250024136C /* CollectionView-Transition.app */ = {isa = PBXFileReference; explicitFileType = wrapper.application; includeInIndex = 0; path = "CollectionView-Transition.app"; sourceTree = BUILT_PRODUCTS_DIR; };
		977B136225DBD3250024136C /* AppDelegate.swift */ = {isa = PBXFileReference; lastKnownFileType = sourcecode.swift; path = AppDelegate.swift; sourceTree = "<group>"; };
		977B136425DBD3250024136C /* SceneDelegate.swift */ = {isa = PBXFileReference; lastKnownFileType = sourcecode.swift; path = SceneDelegate.swift; sourceTree = "<group>"; };
		977B136625DBD3250024136C /* HomeViewController.swift */ = {isa = PBXFileReference; lastKnownFileType = sourcecode.swift; path = HomeViewController.swift; sourceTree = "<group>"; };
		977B136925DBD3250024136C /* Base */ = {isa = PBXFileReference; lastKnownFileType = file.storyboard; name = Base; path = Base.lproj/Main.storyboard; sourceTree = "<group>"; };
		977B136B25DBD3280024136C /* Assets.xcassets */ = {isa = PBXFileReference; lastKnownFileType = folder.assetcatalog; path = Assets.xcassets; sourceTree = "<group>"; };
		977B136E25DBD3280024136C /* Base */ = {isa = PBXFileReference; lastKnownFileType = file.storyboard; name = Base; path = Base.lproj/LaunchScreen.storyboard; sourceTree = "<group>"; };
		977B137025DBD3280024136C /* Info.plist */ = {isa = PBXFileReference; lastKnownFileType = text.plist.xml; path = Info.plist; sourceTree = "<group>"; };
		977B137725DBD5610024136C /* Section.swift */ = {isa = PBXFileReference; lastKnownFileType = sourcecode.swift; path = Section.swift; sourceTree = "<group>"; };
/* End PBXFileReference section */

/* Begin PBXFrameworksBuildPhase section */
		977B135C25DBD3250024136C /* Frameworks */ = {
			isa = PBXFrameworksBuildPhase;
			buildActionMask = 2147483647;
			files = (
			);
			runOnlyForDeploymentPostprocessing = 0;
		};
/* End PBXFrameworksBuildPhase section */

/* Begin PBXGroup section */
		3AC90A6725DE80F100309F36 /* Supporting Files */ = {
			isa = PBXGroup;
			children = (
				977B136225DBD3250024136C /* AppDelegate.swift */,
				977B136B25DBD3280024136C /* Assets.xcassets */,
				977B136D25DBD3280024136C /* LaunchScreen.storyboard */,
			);
			path = "Supporting Files";
			sourceTree = "<group>";
		};
		3AC90A6825DE812000309F36 /* Model */ = {
			isa = PBXGroup;
			children = (
				977B137725DBD5610024136C /* Section.swift */,
				9744F41125DBD70D005DD569 /* Vegetable.swift */,
			);
			path = Model;
			sourceTree = "<group>";
		};
		3AC90A6925DE813A00309F36 /* UI */ = {
			isa = PBXGroup;
			children = (
				977B136825DBD3250024136C /* Main.storyboard */,
				977B136425DBD3250024136C /* SceneDelegate.swift */,
				3AC90A6A25DE814A00309F36 /* Screens */,
				3AC90A6B25DE815000309F36 /* Components */,
			);
			path = UI;
			sourceTree = "<group>";
		};
		3AC90A6A25DE814A00309F36 /* Screens */ = {
			isa = PBXGroup;
			children = (
				3AC90A6C25DE817000309F36 /* Home */,
			);
			path = Screens;
			sourceTree = "<group>";
		};
		3AC90A6B25DE815000309F36 /* Components */ = {
			isa = PBXGroup;
			children = (
				9744F41725DBDAAC005DD569 /* VegetableCell.swift */,
			);
			path = Components;
			sourceTree = "<group>";
		};
		3AC90A6C25DE817000309F36 /* Home */ = {
			isa = PBXGroup;
			children = (
				977B136625DBD3250024136C /* HomeViewController.swift */,
				3A8B78F525DD22BA0084F38D /* SpringyCollectionViewFlowLayout.swift */,
				9744F41425DBD9F9005DD569 /* SelfConfiguringCell.swift */,
			);
			path = Home;
			sourceTree = "<group>";
		};
		977B135625DBD3250024136C = {
			isa = PBXGroup;
			children = (
				977B136125DBD3250024136C /* CollectionView-Transition */,
				977B136025DBD3250024136C /* Products */,
			);
			sourceTree = "<group>";
		};
		977B136025DBD3250024136C /* Products */ = {
			isa = PBXGroup;
			children = (
				977B135F25DBD3250024136C /* CollectionView-Transition.app */,
			);
			name = Products;
			sourceTree = "<group>";
		};
		977B136125DBD3250024136C /* CollectionView-Transition */ = {
			isa = PBXGroup;
			children = (
				3AC90A6925DE813A00309F36 /* UI */,
				3AC90A6825DE812000309F36 /* Model */,
				3AC90A6725DE80F100309F36 /* Supporting Files */,
				977B137025DBD3280024136C /* Info.plist */,
			);
			path = "CollectionView-Transition";
			sourceTree = "<group>";
		};
/* End PBXGroup section */

/* Begin PBXNativeTarget section */
		977B135E25DBD3250024136C /* CollectionView-Transition */ = {
			isa = PBXNativeTarget;
			buildConfigurationList = 977B137325DBD3280024136C /* Build configuration list for PBXNativeTarget "CollectionView-Transition" */;
			buildPhases = (
				977B135B25DBD3250024136C /* Sources */,
				977B135C25DBD3250024136C /* Frameworks */,
				977B135D25DBD3250024136C /* Resources */,
			);
			buildRules = (
			);
			dependencies = (
			);
			name = "CollectionView-Transition";
			productName = "CollectionView-Transition";
			productReference = 977B135F25DBD3250024136C /* CollectionView-Transition.app */;
			productType = "com.apple.product-type.application";
		};
/* End PBXNativeTarget section */

/* Begin PBXProject section */
		977B135725DBD3250024136C /* Project object */ = {
			isa = PBXProject;
			attributes = {
				LastSwiftUpdateCheck = 1240;
				LastUpgradeCheck = 1240;
				TargetAttributes = {
					977B135E25DBD3250024136C = {
						CreatedOnToolsVersion = 12.4;
					};
				};
			};
			buildConfigurationList = 977B135A25DBD3250024136C /* Build configuration list for PBXProject "CollectionView-Transition" */;
			compatibilityVersion = "Xcode 9.3";
			developmentRegion = en;
			hasScannedForEncodings = 0;
			knownRegions = (
				en,
				Base,
			);
			mainGroup = 977B135625DBD3250024136C;
			productRefGroup = 977B136025DBD3250024136C /* Products */;
			projectDirPath = "";
			projectRoot = "";
			targets = (
				977B135E25DBD3250024136C /* CollectionView-Transition */,
			);
		};
/* End PBXProject section */

/* Begin PBXResourcesBuildPhase section */
		977B135D25DBD3250024136C /* Resources */ = {
			isa = PBXResourcesBuildPhase;
			buildActionMask = 2147483647;
			files = (
				977B136F25DBD3280024136C /* LaunchScreen.storyboard in Resources */,
				977B136C25DBD3280024136C /* Assets.xcassets in Resources */,
				977B136A25DBD3250024136C /* Main.storyboard in Resources */,
			);
			runOnlyForDeploymentPostprocessing = 0;
		};
/* End PBXResourcesBuildPhase section */

/* Begin PBXSourcesBuildPhase section */
		977B135B25DBD3250024136C /* Sources */ = {
			isa = PBXSourcesBuildPhase;
			buildActionMask = 2147483647;
			files = (
				9744F41825DBDAAC005DD569 /* VegetableCell.swift in Sources */,
				977B136725DBD3250024136C /* HomeViewController.swift in Sources */,
				977B137825DBD5610024136C /* Section.swift in Sources */,
				9744F41225DBD70D005DD569 /* Vegetable.swift in Sources */,
				977B136325DBD3250024136C /* AppDelegate.swift in Sources */,
				3A8B78F625DD22BA0084F38D /* SpringyCollectionViewFlowLayout.swift in Sources */,
				977B136525DBD3250024136C /* SceneDelegate.swift in Sources */,
				9744F41525DBD9F9005DD569 /* SelfConfiguringCell.swift in Sources */,
			);
			runOnlyForDeploymentPostprocessing = 0;
		};
/* End PBXSourcesBuildPhase section */

/* Begin PBXVariantGroup section */
		977B136825DBD3250024136C /* Main.storyboard */ = {
			isa = PBXVariantGroup;
			children = (
				977B136925DBD3250024136C /* Base */,
			);
			name = Main.storyboard;
			sourceTree = "<group>";
		};
		977B136D25DBD3280024136C /* LaunchScreen.storyboard */ = {
			isa = PBXVariantGroup;
			children = (
				977B136E25DBD3280024136C /* Base */,
			);
			name = LaunchScreen.storyboard;
			sourceTree = "<group>";
		};
/* End PBXVariantGroup section */

/* Begin XCBuildConfiguration section */
		977B137125DBD3280024136C /* Debug */ = {
			isa = XCBuildConfiguration;
			buildSettings = {
				ALWAYS_SEARCH_USER_PATHS = NO;
				CLANG_ANALYZER_NONNULL = YES;
				CLANG_ANALYZER_NUMBER_OBJECT_CONVERSION = YES_AGGRESSIVE;
				CLANG_CXX_LANGUAGE_STANDARD = "gnu++14";
				CLANG_CXX_LIBRARY = "libc++";
				CLANG_ENABLE_MODULES = YES;
				CLANG_ENABLE_OBJC_ARC = YES;
				CLANG_ENABLE_OBJC_WEAK = YES;
				CLANG_WARN_BLOCK_CAPTURE_AUTORELEASING = YES;
				CLANG_WARN_BOOL_CONVERSION = YES;
				CLANG_WARN_COMMA = YES;
				CLANG_WARN_CONSTANT_CONVERSION = YES;
				CLANG_WARN_DEPRECATED_OBJC_IMPLEMENTATIONS = YES;
				CLANG_WARN_DIRECT_OBJC_ISA_USAGE = YES_ERROR;
				CLANG_WARN_DOCUMENTATION_COMMENTS = YES;
				CLANG_WARN_EMPTY_BODY = YES;
				CLANG_WARN_ENUM_CONVERSION = YES;
				CLANG_WARN_INFINITE_RECURSION = YES;
				CLANG_WARN_INT_CONVERSION = YES;
				CLANG_WARN_NON_LITERAL_NULL_CONVERSION = YES;
				CLANG_WARN_OBJC_IMPLICIT_RETAIN_SELF = YES;
				CLANG_WARN_OBJC_LITERAL_CONVERSION = YES;
				CLANG_WARN_OBJC_ROOT_CLASS = YES_ERROR;
				CLANG_WARN_QUOTED_INCLUDE_IN_FRAMEWORK_HEADER = YES;
				CLANG_WARN_RANGE_LOOP_ANALYSIS = YES;
				CLANG_WARN_STRICT_PROTOTYPES = YES;
				CLANG_WARN_SUSPICIOUS_MOVE = YES;
				CLANG_WARN_UNGUARDED_AVAILABILITY = YES_AGGRESSIVE;
				CLANG_WARN_UNREACHABLE_CODE = YES;
				CLANG_WARN__DUPLICATE_METHOD_MATCH = YES;
				COPY_PHASE_STRIP = NO;
				DEBUG_INFORMATION_FORMAT = dwarf;
				ENABLE_STRICT_OBJC_MSGSEND = YES;
				ENABLE_TESTABILITY = YES;
				GCC_C_LANGUAGE_STANDARD = gnu11;
				GCC_DYNAMIC_NO_PIC = NO;
				GCC_NO_COMMON_BLOCKS = YES;
				GCC_OPTIMIZATION_LEVEL = 0;
				GCC_PREPROCESSOR_DEFINITIONS = (
					"DEBUG=1",
					"$(inherited)",
				);
				GCC_WARN_64_TO_32_BIT_CONVERSION = YES;
				GCC_WARN_ABOUT_RETURN_TYPE = YES_ERROR;
				GCC_WARN_UNDECLARED_SELECTOR = YES;
				GCC_WARN_UNINITIALIZED_AUTOS = YES_AGGRESSIVE;
				GCC_WARN_UNUSED_FUNCTION = YES;
				GCC_WARN_UNUSED_VARIABLE = YES;
				IPHONEOS_DEPLOYMENT_TARGET = 14.4;
				MTL_ENABLE_DEBUG_INFO = INCLUDE_SOURCE;
				MTL_FAST_MATH = YES;
				ONLY_ACTIVE_ARCH = YES;
				SDKROOT = iphoneos;
				SWIFT_ACTIVE_COMPILATION_CONDITIONS = DEBUG;
				SWIFT_OPTIMIZATION_LEVEL = "-Onone";
			};
			name = Debug;
		};
		977B137225DBD3280024136C /* Release */ = {
			isa = XCBuildConfiguration;
			buildSettings = {
				ALWAYS_SEARCH_USER_PATHS = NO;
				CLANG_ANALYZER_NONNULL = YES;
				CLANG_ANALYZER_NUMBER_OBJECT_CONVERSION = YES_AGGRESSIVE;
				CLANG_CXX_LANGUAGE_STANDARD = "gnu++14";
				CLANG_CXX_LIBRARY = "libc++";
				CLANG_ENABLE_MODULES = YES;
				CLANG_ENABLE_OBJC_ARC = YES;
				CLANG_ENABLE_OBJC_WEAK = YES;
				CLANG_WARN_BLOCK_CAPTURE_AUTORELEASING = YES;
				CLANG_WARN_BOOL_CONVERSION = YES;
				CLANG_WARN_COMMA = YES;
				CLANG_WARN_CONSTANT_CONVERSION = YES;
				CLANG_WARN_DEPRECATED_OBJC_IMPLEMENTATIONS = YES;
				CLANG_WARN_DIRECT_OBJC_ISA_USAGE = YES_ERROR;
				CLANG_WARN_DOCUMENTATION_COMMENTS = YES;
				CLANG_WARN_EMPTY_BODY = YES;
				CLANG_WARN_ENUM_CONVERSION = YES;
				CLANG_WARN_INFINITE_RECURSION = YES;
				CLANG_WARN_INT_CONVERSION = YES;
				CLANG_WARN_NON_LITERAL_NULL_CONVERSION = YES;
				CLANG_WARN_OBJC_IMPLICIT_RETAIN_SELF = YES;
				CLANG_WARN_OBJC_LITERAL_CONVERSION = YES;
				CLANG_WARN_OBJC_ROOT_CLASS = YES_ERROR;
				CLANG_WARN_QUOTED_INCLUDE_IN_FRAMEWORK_HEADER = YES;
				CLANG_WARN_RANGE_LOOP_ANALYSIS = YES;
				CLANG_WARN_STRICT_PROTOTYPES = YES;
				CLANG_WARN_SUSPICIOUS_MOVE = YES;
				CLANG_WARN_UNGUARDED_AVAILABILITY = YES_AGGRESSIVE;
				CLANG_WARN_UNREACHABLE_CODE = YES;
				CLANG_WARN__DUPLICATE_METHOD_MATCH = YES;
				COPY_PHASE_STRIP = NO;
				DEBUG_INFORMATION_FORMAT = "dwarf-with-dsym";
				ENABLE_NS_ASSERTIONS = NO;
				ENABLE_STRICT_OBJC_MSGSEND = YES;
				GCC_C_LANGUAGE_STANDARD = gnu11;
				GCC_NO_COMMON_BLOCKS = YES;
				GCC_WARN_64_TO_32_BIT_CONVERSION = YES;
				GCC_WARN_ABOUT_RETURN_TYPE = YES_ERROR;
				GCC_WARN_UNDECLARED_SELECTOR = YES;
				GCC_WARN_UNINITIALIZED_AUTOS = YES_AGGRESSIVE;
				GCC_WARN_UNUSED_FUNCTION = YES;
				GCC_WARN_UNUSED_VARIABLE = YES;
				IPHONEOS_DEPLOYMENT_TARGET = 14.4;
				MTL_ENABLE_DEBUG_INFO = NO;
				MTL_FAST_MATH = YES;
				SDKROOT = iphoneos;
				SWIFT_COMPILATION_MODE = wholemodule;
				SWIFT_OPTIMIZATION_LEVEL = "-O";
				VALIDATE_PRODUCT = YES;
			};
			name = Release;
		};
		977B137425DBD3280024136C /* Debug */ = {
			isa = XCBuildConfiguration;
			buildSettings = {
				ASSETCATALOG_COMPILER_APPICON_NAME = AppIcon;
				ASSETCATALOG_COMPILER_GLOBAL_ACCENT_COLOR_NAME = AccentColor;
				CODE_SIGN_STYLE = Automatic;
				DEVELOPMENT_TEAM = 2J59QZU6T2;
				INFOPLIST_FILE = "CollectionView-Transition/Info.plist";
				LD_RUNPATH_SEARCH_PATHS = (
					"$(inherited)",
					"@executable_path/Frameworks",
				);
				PRODUCT_BUNDLE_IDENTIFIER = "ambercoded.CollectionView-Transition";
				PRODUCT_NAME = "$(TARGET_NAME)";
				SWIFT_VERSION = 5.0;
				TARGETED_DEVICE_FAMILY = "1,2";
			};
			name = Debug;
		};
		977B137525DBD3280024136C /* Release */ = {
			isa = XCBuildConfiguration;
			buildSettings = {
				ASSETCATALOG_COMPILER_APPICON_NAME = AppIcon;
				ASSETCATALOG_COMPILER_GLOBAL_ACCENT_COLOR_NAME = AccentColor;
				CODE_SIGN_STYLE = Automatic;
				DEVELOPMENT_TEAM = 2J59QZU6T2;
				INFOPLIST_FILE = "CollectionView-Transition/Info.plist";
				LD_RUNPATH_SEARCH_PATHS = (
					"$(inherited)",
					"@executable_path/Frameworks",
				);
				PRODUCT_BUNDLE_IDENTIFIER = "ambercoded.CollectionView-Transition";
				PRODUCT_NAME = "$(TARGET_NAME)";
				SWIFT_VERSION = 5.0;
				TARGETED_DEVICE_FAMILY = "1,2";
			};
			name = Release;
		};
/* End XCBuildConfiguration section */

/* Begin XCConfigurationList section */
		977B135A25DBD3250024136C /* Build configuration list for PBXProject "CollectionView-Transition" */ = {
			isa = XCConfigurationList;
			buildConfigurations = (
				977B137125DBD3280024136C /* Debug */,
				977B137225DBD3280024136C /* Release */,
			);
			defaultConfigurationIsVisible = 0;
			defaultConfigurationName = Release;
		};
		977B137325DBD3280024136C /* Build configuration list for PBXNativeTarget "CollectionView-Transition" */ = {
			isa = XCConfigurationList;
			buildConfigurations = (
				977B137425DBD3280024136C /* Debug */,
				977B137525DBD3280024136C /* Release */,
			);
			defaultConfigurationIsVisible = 0;
			defaultConfigurationName = Release;
		};
/* End XCConfigurationList section */
	};
	rootObject = 977B135725DBD3250024136C /* Project object */;
}
